
Microsoft Visual Studio Solution File, Format Version 12.00
# Visual Studio Version 16
VisualStudioVersion = 16.0.30011.22
MinimumVisualStudioVersion = 10.0.40219.1
Project("{FAE04EC0-301F-11D3-BF4B-00C04F79EFBC}") = "API", "API\API.csproj", "{C35C01D4-58B0-401A-A88B-69EBD2EA22E1}"
EndProject
Project("{FAE04EC0-301F-11D3-BF4B-00C04F79EFBC}") = "CryptoWatcher", "CryptoWatcher\CryptoWatcher.csproj", "{F9F34B71-429E-41AA-A579-88B7BB139C7E}"
	ProjectSection(ProjectDependencies) = postProject
		{C35C01D4-58B0-401A-A88B-69EBD2EA22E1} = {C35C01D4-58B0-401A-A88B-69EBD2EA22E1}
	EndProjectSection
EndProject
Global
	GlobalSection(SolutionConfigurationPlatforms) = preSolution
		Debug|Any CPU = Debug|Any CPU
		Release|Any CPU = Release|Any CPU
	EndGlobalSection
	GlobalSection(ProjectConfigurationPlatforms) = postSolution
		{C35C01D4-58B0-401A-A88B-69EBD2EA22E1}.Debug|Any CPU.ActiveCfg = Debug|Any CPU
		{C35C01D4-58B0-401A-A88B-69EBD2EA22E1}.Debug|Any CPU.Build.0 = Debug|Any CPU
		{C35C01D4-58B0-401A-A88B-69EBD2EA22E1}.Release|Any CPU.ActiveCfg = Release|Any CPU
		{C35C01D4-58B0-401A-A88B-69EBD2EA22E1}.Release|Any CPU.Build.0 = Release|Any CPU
		{F9F34B71-429E-41AA-A579-88B7BB139C7E}.Debug|Any CPU.ActiveCfg = Debug|Any CPU
		{F9F34B71-429E-41AA-A579-88B7BB139C7E}.Debug|Any CPU.Build.0 = Debug|Any CPU
		{F9F34B71-429E-41AA-A579-88B7BB139C7E}.Release|Any CPU.ActiveCfg = Release|Any CPU
		{F9F34B71-429E-41AA-A579-88B7BB139C7E}.Release|Any CPU.Build.0 = Release|Any CPU
	EndGlobalSection
	GlobalSection(SolutionProperties) = preSolution
		HideSolutionNode = FALSE
	EndGlobalSection
	GlobalSection(ExtensibilityGlobals) = postSolution
		SolutionGuid = {FDF03F43-66A4-497A-AC21-9949FFB534A9}
	EndGlobalSection
EndGlobal
